{
  "name": "json",
  "lockfileVersion": 2,
  "requires": true,
  "packages": {
    "": {
      "dependencies": {
        "timezones.json": "^1.6.1"
      }
    },
    "node_modules/timezones.json": {
      "version": "1.6.1",
      "resolved": "https://registry.npmjs.org/timezones.json/-/timezones.json-1.6.1.tgz",
      "integrity": "sha512-lAYx2w4qyN2nzJ7wNSxdaNEgWjvuBvN6/AzLdOAN0BsVAvKJVkOqApPvgOKYeESWe40Qrxc+KPVc9eQiy3iCZw=="
    }
  },
  "dependencies": {
    "timezones.json": {
      "version": "1.6.1",
      "resolved": "https://registry.npmjs.org/timezones.json/-/timezones.json-1.6.1.tgz",
      "integrity": "sha512-lAYx2w4qyN2nzJ7wNSxdaNEgWjvuBvN6/AzLdOAN0BsVAvKJVkOqApPvgOKYeESWe40Qrxc+KPVc9eQiy3iCZw=="
    }
  }
}
